
Microsoft Visual Studio Solution File, Format Version 12.00
# Visual Studio 15
VisualStudioVersion = 15.0.27703.2035
MinimumVisualStudioVersion = 10.0.40219.1
Project("{8BC9CEB8-8B4A-11D0-8D11-00A0C91BC942}") = "3_const", "3_const\3_const.vcxproj", "{0EC1BAB8-5881-4449-B4BF-05E37618AFE6}"
EndProject
Project("{8BC9CEB8-8B4A-11D0-8D11-00A0C91BC942}") = "6_PrivateGenerator", "6_PrivateGenerator\6_PrivateGenerator.vcxproj", "{00696C6B-43BB-4FB0-94D3-E6A3958B9AE9}"
EndProject
Project("{8BC9CEB8-8B4A-11D0-8D11-00A0C91BC942}") = "7_VirtualDestructor", "7_VirtualDestructor\7_VirtualDestructor.vcxproj", "{93A9F95D-7D63-4D09-ABB3-7A3E4C5ABF0A}"
EndProject
Project("{8BC9CEB8-8B4A-11D0-8D11-00A0C91BC942}") = "8_ExceptionInDestructor", "8_ExceptionInDestructor\8_ExceptionInDestructor.vcxproj", "{EFE63E3C-EDCB-4409-AE1F-0B400FFC4262}"
EndProject
Project("{8BC9CEB8-8B4A-11D0-8D11-00A0C91BC942}") = "9_VirtualFunctionWhenInit", "9_VirtualFunctionWhenInit\9_VirtualFunctionWhenInit.vcxproj", "{8BAE715F-3B60-409C-BB00-AC413437445A}"
EndProject
Project("{8BC9CEB8-8B4A-11D0-8D11-00A0C91BC942}") = "A_VirtualInitializerTest", "A_VirtualInitializerTest\A_VirtualInitializerTest.vcxproj", "{5D04F90A-F246-45F9-B900-B3022237900D}"
EndProject
Project("{8BC9CEB8-8B4A-11D0-8D11-00A0C91BC942}") = "10_ThisReference", "10_ThisReference\10_ThisReference.vcxproj", "{EBF30B7B-6ECA-4B28-BD62-A93D50DC07CF}"
EndProject
Project("{8BC9CEB8-8B4A-11D0-8D11-00A0C91BC942}") = "B_PointerDeleteTest", "B_PointerDeleteTest\B_PointerDeleteTest.vcxproj", "{C58340AB-4E4A-4476-B5B4-83EAB9B44369}"
EndProject
Project("{8BC9CEB8-8B4A-11D0-8D11-00A0C91BC942}") = "11_Operator=", "11_operator=\11_operator=.vcxproj", "{A615D40E-30EB-4504-BE7F-DE094FA7CBE5}"
EndProject
Project("{8BC9CEB8-8B4A-11D0-8D11-00A0C91BC942}") = "12_CopyingFunction", "12_CopyingFunction\12_CopyingFunction.vcxproj", "{3C3FAE63-34CA-4C48-9FEC-508E9FF583C3}"
EndProject
Project("{8BC9CEB8-8B4A-11D0-8D11-00A0C91BC942}") = "C_FactoryExample", "C_FactoryExample\C_FactoryExample.vcxproj", "{B0D09BFA-ABDE-4F7D-BE4E-ED6F3D830263}"
EndProject
Project("{8BC9CEB8-8B4A-11D0-8D11-00A0C91BC942}") = "13_ResourceManage", "13_ResourceManage\13_ResourceManage.vcxproj", "{2EC8BD42-BB4E-4E4A-B865-5140CA6C53C8}"
EndProject
Project("{8BC9CEB8-8B4A-11D0-8D11-00A0C91BC942}") = "D_Mutex", "D_Mutex\D_Mutex.vcxproj", "{51B6586C-C2C4-4E40-A6DD-D7BB7C165B8C}"
EndProject
Project("{8BC9CEB8-8B4A-11D0-8D11-00A0C91BC942}") = "15_RAIIGet", "15_RAII_get\15_RAII_get.vcxproj", "{C80005A0-74BC-4280-946D-3352DA40551F}"
EndProject
Project("{8BC9CEB8-8B4A-11D0-8D11-00A0C91BC942}") = "16_ArrayDelete", "16_ArrayDelete\16_ArrayDelete.vcxproj", "{3A7C9D8D-D540-4434-9345-DAEC1B8C6950}"
EndProject
Project("{8BC9CEB8-8B4A-11D0-8D11-00A0C91BC942}") = "17_SmartPointerNew", "17_SmartPointerNew\17_SmartPointerNew.vcxproj", "{8944E6C0-01DB-42AC-B072-8A45D6C52EE1}"
EndProject
Project("{8BC9CEB8-8B4A-11D0-8D11-00A0C91BC942}") = "18_InterfaceDesign", "18_InterfaceDesign\18_InterfaceDesign.vcxproj", "{0CC42B0D-0DFD-472F-BDA0-3B58D38FF6D5}"
EndProject
Project("{8BC9CEB8-8B4A-11D0-8D11-00A0C91BC942}") = "4_Initialization", "4_Initialization\Project1.vcxproj", "{2EE4AD69-7DF0-4DE8-8487-35998A4FBFDA}"
EndProject
Project("{8BC9CEB8-8B4A-11D0-8D11-00A0C91BC942}") = "14_ResourceManageCopy", "14_ResourceManageCopy\Project2.vcxproj", "{B86D5CA7-EB1C-40B2-998F-268D52B21241}"
EndProject
Project("{8BC9CEB8-8B4A-11D0-8D11-00A0C91BC942}") = "5_Generator", "5_Generator\Generator.vcxproj", "{0A4FD75C-45D9-4776-8D75-A8E8B2445215}"
EndProject
Project("{8BC9CEB8-8B4A-11D0-8D11-00A0C91BC942}") = "Z_Notepad", "Z_Notepad\Z_Notepad.vcxproj", "{49D7F92B-0335-4045-AD60-1131BCA83146}"
EndProject
Project("{8BC9CEB8-8B4A-11D0-8D11-00A0C91BC942}") = "19_ClassDesign", "19_ClassDesign\19_ClassDesign.vcxproj", "{BD6A248E-3EFE-40C6-BED0-5EC13A42859C}"
EndProject
Project("{8BC9CEB8-8B4A-11D0-8D11-00A0C91BC942}") = "20_PassByConstReference", "20_PassByConstReference\20_PassByConstReference.vcxproj", "{EDF15A85-7FE8-4FE8-A62A-C5E0424F9291}"
EndProject
Project("{8BC9CEB8-8B4A-11D0-8D11-00A0C91BC942}") = "21_DontReturnReference", "21_DontReturnReference\21_DontReturnReference.vcxproj", "{D83A61FE-3A9A-4B6F-A036-306B91A7EC3A}"
EndProject
Project("{8BC9CEB8-8B4A-11D0-8D11-00A0C91BC942}") = "22_PrivateDataMember", "22_PrivateDataMember\22_PrivateDataMember.vcxproj", "{61AAC2A4-D1C2-43AF-B0E9-F37F1D4FEA31}"
EndProject
Project("{8BC9CEB8-8B4A-11D0-8D11-00A0C91BC942}") = "23_NonMemberNonFriend", "23_NonMemberNonFriend\23_NonMemberNonFriend.vcxproj", "{69FCA839-BF78-4DE4-8C03-C7137AD5813B}"
EndProject
Global
	GlobalSection(SolutionConfigurationPlatforms) = preSolution
		Debug|x64 = Debug|x64
		Debug|x86 = Debug|x86
		Release|x64 = Release|x64
		Release|x86 = Release|x86
	EndGlobalSection
	GlobalSection(ProjectConfigurationPlatforms) = postSolution
		{0EC1BAB8-5881-4449-B4BF-05E37618AFE6}.Debug|x64.ActiveCfg = Debug|x64
		{0EC1BAB8-5881-4449-B4BF-05E37618AFE6}.Debug|x64.Build.0 = Debug|x64
		{0EC1BAB8-5881-4449-B4BF-05E37618AFE6}.Debug|x86.ActiveCfg = Debug|Win32
		{0EC1BAB8-5881-4449-B4BF-05E37618AFE6}.Debug|x86.Build.0 = Debug|Win32
		{0EC1BAB8-5881-4449-B4BF-05E37618AFE6}.Release|x64.ActiveCfg = Release|x64
		{0EC1BAB8-5881-4449-B4BF-05E37618AFE6}.Release|x64.Build.0 = Release|x64
		{0EC1BAB8-5881-4449-B4BF-05E37618AFE6}.Release|x86.ActiveCfg = Release|Win32
		{0EC1BAB8-5881-4449-B4BF-05E37618AFE6}.Release|x86.Build.0 = Release|Win32
		{00696C6B-43BB-4FB0-94D3-E6A3958B9AE9}.Debug|x64.ActiveCfg = Debug|x64
		{00696C6B-43BB-4FB0-94D3-E6A3958B9AE9}.Debug|x64.Build.0 = Debug|x64
		{00696C6B-43BB-4FB0-94D3-E6A3958B9AE9}.Debug|x86.ActiveCfg = Debug|Win32
		{00696C6B-43BB-4FB0-94D3-E6A3958B9AE9}.Debug|x86.Build.0 = Debug|Win32
		{00696C6B-43BB-4FB0-94D3-E6A3958B9AE9}.Release|x64.ActiveCfg = Release|x64
		{00696C6B-43BB-4FB0-94D3-E6A3958B9AE9}.Release|x64.Build.0 = Release|x64
		{00696C6B-43BB-4FB0-94D3-E6A3958B9AE9}.Release|x86.ActiveCfg = Release|Win32
		{00696C6B-43BB-4FB0-94D3-E6A3958B9AE9}.Release|x86.Build.0 = Release|Win32
		{93A9F95D-7D63-4D09-ABB3-7A3E4C5ABF0A}.Debug|x64.ActiveCfg = Debug|x64
		{93A9F95D-7D63-4D09-ABB3-7A3E4C5ABF0A}.Debug|x64.Build.0 = Debug|x64
		{93A9F95D-7D63-4D09-ABB3-7A3E4C5ABF0A}.Debug|x86.ActiveCfg = Debug|Win32
		{93A9F95D-7D63-4D09-ABB3-7A3E4C5ABF0A}.Debug|x86.Build.0 = Debug|Win32
		{93A9F95D-7D63-4D09-ABB3-7A3E4C5ABF0A}.Release|x64.ActiveCfg = Release|x64
		{93A9F95D-7D63-4D09-ABB3-7A3E4C5ABF0A}.Release|x64.Build.0 = Release|x64
		{93A9F95D-7D63-4D09-ABB3-7A3E4C5ABF0A}.Release|x86.ActiveCfg = Release|Win32
		{93A9F95D-7D63-4D09-ABB3-7A3E4C5ABF0A}.Release|x86.Build.0 = Release|Win32
		{EFE63E3C-EDCB-4409-AE1F-0B400FFC4262}.Debug|x64.ActiveCfg = Debug|x64
		{EFE63E3C-EDCB-4409-AE1F-0B400FFC4262}.Debug|x64.Build.0 = Debug|x64
		{EFE63E3C-EDCB-4409-AE1F-0B400FFC4262}.Debug|x86.ActiveCfg = Debug|Win32
		{EFE63E3C-EDCB-4409-AE1F-0B400FFC4262}.Debug|x86.Build.0 = Debug|Win32
		{EFE63E3C-EDCB-4409-AE1F-0B400FFC4262}.Release|x64.ActiveCfg = Release|x64
		{EFE63E3C-EDCB-4409-AE1F-0B400FFC4262}.Release|x64.Build.0 = Release|x64
		{EFE63E3C-EDCB-4409-AE1F-0B400FFC4262}.Release|x86.ActiveCfg = Release|Win32
		{EFE63E3C-EDCB-4409-AE1F-0B400FFC4262}.Release|x86.Build.0 = Release|Win32
		{8BAE715F-3B60-409C-BB00-AC413437445A}.Debug|x64.ActiveCfg = Debug|x64
		{8BAE715F-3B60-409C-BB00-AC413437445A}.Debug|x64.Build.0 = Debug|x64
		{8BAE715F-3B60-409C-BB00-AC413437445A}.Debug|x86.ActiveCfg = Debug|Win32
		{8BAE715F-3B60-409C-BB00-AC413437445A}.Debug|x86.Build.0 = Debug|Win32
		{8BAE715F-3B60-409C-BB00-AC413437445A}.Release|x64.ActiveCfg = Release|x64
		{8BAE715F-3B60-409C-BB00-AC413437445A}.Release|x64.Build.0 = Release|x64
		{8BAE715F-3B60-409C-BB00-AC413437445A}.Release|x86.ActiveCfg = Release|Win32
		{8BAE715F-3B60-409C-BB00-AC413437445A}.Release|x86.Build.0 = Release|Win32
		{5D04F90A-F246-45F9-B900-B3022237900D}.Debug|x64.ActiveCfg = Debug|x64
		{5D04F90A-F246-45F9-B900-B3022237900D}.Debug|x64.Build.0 = Debug|x64
		{5D04F90A-F246-45F9-B900-B3022237900D}.Debug|x86.ActiveCfg = Debug|Win32
		{5D04F90A-F246-45F9-B900-B3022237900D}.Debug|x86.Build.0 = Debug|Win32
		{5D04F90A-F246-45F9-B900-B3022237900D}.Release|x64.ActiveCfg = Release|x64
		{5D04F90A-F246-45F9-B900-B3022237900D}.Release|x64.Build.0 = Release|x64
		{5D04F90A-F246-45F9-B900-B3022237900D}.Release|x86.ActiveCfg = Release|Win32
		{5D04F90A-F246-45F9-B900-B3022237900D}.Release|x86.Build.0 = Release|Win32
		{EBF30B7B-6ECA-4B28-BD62-A93D50DC07CF}.Debug|x64.ActiveCfg = Debug|x64
		{EBF30B7B-6ECA-4B28-BD62-A93D50DC07CF}.Debug|x64.Build.0 = Debug|x64
		{EBF30B7B-6ECA-4B28-BD62-A93D50DC07CF}.Debug|x86.ActiveCfg = Debug|Win32
		{EBF30B7B-6ECA-4B28-BD62-A93D50DC07CF}.Debug|x86.Build.0 = Debug|Win32
		{EBF30B7B-6ECA-4B28-BD62-A93D50DC07CF}.Release|x64.ActiveCfg = Release|x64
		{EBF30B7B-6ECA-4B28-BD62-A93D50DC07CF}.Release|x64.Build.0 = Release|x64
		{EBF30B7B-6ECA-4B28-BD62-A93D50DC07CF}.Release|x86.ActiveCfg = Release|Win32
		{EBF30B7B-6ECA-4B28-BD62-A93D50DC07CF}.Release|x86.Build.0 = Release|Win32
		{C58340AB-4E4A-4476-B5B4-83EAB9B44369}.Debug|x64.ActiveCfg = Debug|x64
		{C58340AB-4E4A-4476-B5B4-83EAB9B44369}.Debug|x64.Build.0 = Debug|x64
		{C58340AB-4E4A-4476-B5B4-83EAB9B44369}.Debug|x86.ActiveCfg = Debug|Win32
		{C58340AB-4E4A-4476-B5B4-83EAB9B44369}.Debug|x86.Build.0 = Debug|Win32
		{C58340AB-4E4A-4476-B5B4-83EAB9B44369}.Release|x64.ActiveCfg = Release|x64
		{C58340AB-4E4A-4476-B5B4-83EAB9B44369}.Release|x64.Build.0 = Release|x64
		{C58340AB-4E4A-4476-B5B4-83EAB9B44369}.Release|x86.ActiveCfg = Release|Win32
		{C58340AB-4E4A-4476-B5B4-83EAB9B44369}.Release|x86.Build.0 = Release|Win32
		{A615D40E-30EB-4504-BE7F-DE094FA7CBE5}.Debug|x64.ActiveCfg = Debug|x64
		{A615D40E-30EB-4504-BE7F-DE094FA7CBE5}.Debug|x64.Build.0 = Debug|x64
		{A615D40E-30EB-4504-BE7F-DE094FA7CBE5}.Debug|x86.ActiveCfg = Debug|Win32
		{A615D40E-30EB-4504-BE7F-DE094FA7CBE5}.Debug|x86.Build.0 = Debug|Win32
		{A615D40E-30EB-4504-BE7F-DE094FA7CBE5}.Release|x64.ActiveCfg = Release|x64
		{A615D40E-30EB-4504-BE7F-DE094FA7CBE5}.Release|x64.Build.0 = Release|x64
		{A615D40E-30EB-4504-BE7F-DE094FA7CBE5}.Release|x86.ActiveCfg = Release|Win32
		{A615D40E-30EB-4504-BE7F-DE094FA7CBE5}.Release|x86.Build.0 = Release|Win32
		{3C3FAE63-34CA-4C48-9FEC-508E9FF583C3}.Debug|x64.ActiveCfg = Debug|x64
		{3C3FAE63-34CA-4C48-9FEC-508E9FF583C3}.Debug|x64.Build.0 = Debug|x64
		{3C3FAE63-34CA-4C48-9FEC-508E9FF583C3}.Debug|x86.ActiveCfg = Debug|Win32
		{3C3FAE63-34CA-4C48-9FEC-508E9FF583C3}.Debug|x86.Build.0 = Debug|Win32
		{3C3FAE63-34CA-4C48-9FEC-508E9FF583C3}.Release|x64.ActiveCfg = Release|x64
		{3C3FAE63-34CA-4C48-9FEC-508E9FF583C3}.Release|x64.Build.0 = Release|x64
		{3C3FAE63-34CA-4C48-9FEC-508E9FF583C3}.Release|x86.ActiveCfg = Release|Win32
		{3C3FAE63-34CA-4C48-9FEC-508E9FF583C3}.Release|x86.Build.0 = Release|Win32
		{B0D09BFA-ABDE-4F7D-BE4E-ED6F3D830263}.Debug|x64.ActiveCfg = Debug|x64
		{B0D09BFA-ABDE-4F7D-BE4E-ED6F3D830263}.Debug|x64.Build.0 = Debug|x64
		{B0D09BFA-ABDE-4F7D-BE4E-ED6F3D830263}.Debug|x86.ActiveCfg = Debug|Win32
		{B0D09BFA-ABDE-4F7D-BE4E-ED6F3D830263}.Debug|x86.Build.0 = Debug|Win32
		{B0D09BFA-ABDE-4F7D-BE4E-ED6F3D830263}.Release|x64.ActiveCfg = Release|x64
		{B0D09BFA-ABDE-4F7D-BE4E-ED6F3D830263}.Release|x64.Build.0 = Release|x64
		{B0D09BFA-ABDE-4F7D-BE4E-ED6F3D830263}.Release|x86.ActiveCfg = Release|Win32
		{B0D09BFA-ABDE-4F7D-BE4E-ED6F3D830263}.Release|x86.Build.0 = Release|Win32
		{2EC8BD42-BB4E-4E4A-B865-5140CA6C53C8}.Debug|x64.ActiveCfg = Debug|x64
		{2EC8BD42-BB4E-4E4A-B865-5140CA6C53C8}.Debug|x64.Build.0 = Debug|x64
		{2EC8BD42-BB4E-4E4A-B865-5140CA6C53C8}.Debug|x86.ActiveCfg = Debug|Win32
		{2EC8BD42-BB4E-4E4A-B865-5140CA6C53C8}.Debug|x86.Build.0 = Debug|Win32
		{2EC8BD42-BB4E-4E4A-B865-5140CA6C53C8}.Release|x64.ActiveCfg = Release|x64
		{2EC8BD42-BB4E-4E4A-B865-5140CA6C53C8}.Release|x64.Build.0 = Release|x64
		{2EC8BD42-BB4E-4E4A-B865-5140CA6C53C8}.Release|x86.ActiveCfg = Release|Win32
		{2EC8BD42-BB4E-4E4A-B865-5140CA6C53C8}.Release|x86.Build.0 = Release|Win32
		{51B6586C-C2C4-4E40-A6DD-D7BB7C165B8C}.Debug|x64.ActiveCfg = Debug|x64
		{51B6586C-C2C4-4E40-A6DD-D7BB7C165B8C}.Debug|x64.Build.0 = Debug|x64
		{51B6586C-C2C4-4E40-A6DD-D7BB7C165B8C}.Debug|x86.ActiveCfg = Debug|Win32
		{51B6586C-C2C4-4E40-A6DD-D7BB7C165B8C}.Debug|x86.Build.0 = Debug|Win32
		{51B6586C-C2C4-4E40-A6DD-D7BB7C165B8C}.Release|x64.ActiveCfg = Release|x64
		{51B6586C-C2C4-4E40-A6DD-D7BB7C165B8C}.Release|x64.Build.0 = Release|x64
		{51B6586C-C2C4-4E40-A6DD-D7BB7C165B8C}.Release|x86.ActiveCfg = Release|Win32
		{51B6586C-C2C4-4E40-A6DD-D7BB7C165B8C}.Release|x86.Build.0 = Release|Win32
		{C80005A0-74BC-4280-946D-3352DA40551F}.Debug|x64.ActiveCfg = Debug|x64
		{C80005A0-74BC-4280-946D-3352DA40551F}.Debug|x64.Build.0 = Debug|x64
		{C80005A0-74BC-4280-946D-3352DA40551F}.Debug|x86.ActiveCfg = Debug|Win32
		{C80005A0-74BC-4280-946D-3352DA40551F}.Debug|x86.Build.0 = Debug|Win32
		{C80005A0-74BC-4280-946D-3352DA40551F}.Release|x64.ActiveCfg = Release|x64
		{C80005A0-74BC-4280-946D-3352DA40551F}.Release|x64.Build.0 = Release|x64
		{C80005A0-74BC-4280-946D-3352DA40551F}.Release|x86.ActiveCfg = Release|Win32
		{C80005A0-74BC-4280-946D-3352DA40551F}.Release|x86.Build.0 = Release|Win32
		{3A7C9D8D-D540-4434-9345-DAEC1B8C6950}.Debug|x64.ActiveCfg = Debug|x64
		{3A7C9D8D-D540-4434-9345-DAEC1B8C6950}.Debug|x64.Build.0 = Debug|x64
		{3A7C9D8D-D540-4434-9345-DAEC1B8C6950}.Debug|x86.ActiveCfg = Debug|Win32
		{3A7C9D8D-D540-4434-9345-DAEC1B8C6950}.Debug|x86.Build.0 = Debug|Win32
		{3A7C9D8D-D540-4434-9345-DAEC1B8C6950}.Release|x64.ActiveCfg = Release|x64
		{3A7C9D8D-D540-4434-9345-DAEC1B8C6950}.Release|x64.Build.0 = Release|x64
		{3A7C9D8D-D540-4434-9345-DAEC1B8C6950}.Release|x86.ActiveCfg = Release|Win32
		{3A7C9D8D-D540-4434-9345-DAEC1B8C6950}.Release|x86.Build.0 = Release|Win32
		{8944E6C0-01DB-42AC-B072-8A45D6C52EE1}.Debug|x64.ActiveCfg = Debug|x64
		{8944E6C0-01DB-42AC-B072-8A45D6C52EE1}.Debug|x64.Build.0 = Debug|x64
		{8944E6C0-01DB-42AC-B072-8A45D6C52EE1}.Debug|x86.ActiveCfg = Debug|Win32
		{8944E6C0-01DB-42AC-B072-8A45D6C52EE1}.Debug|x86.Build.0 = Debug|Win32
		{8944E6C0-01DB-42AC-B072-8A45D6C52EE1}.Release|x64.ActiveCfg = Release|x64
		{8944E6C0-01DB-42AC-B072-8A45D6C52EE1}.Release|x64.Build.0 = Release|x64
		{8944E6C0-01DB-42AC-B072-8A45D6C52EE1}.Release|x86.ActiveCfg = Release|Win32
		{8944E6C0-01DB-42AC-B072-8A45D6C52EE1}.Release|x86.Build.0 = Release|Win32
		{0CC42B0D-0DFD-472F-BDA0-3B58D38FF6D5}.Debug|x64.ActiveCfg = Debug|x64
		{0CC42B0D-0DFD-472F-BDA0-3B58D38FF6D5}.Debug|x64.Build.0 = Debug|x64
		{0CC42B0D-0DFD-472F-BDA0-3B58D38FF6D5}.Debug|x86.ActiveCfg = Debug|Win32
		{0CC42B0D-0DFD-472F-BDA0-3B58D38FF6D5}.Debug|x86.Build.0 = Debug|Win32
		{0CC42B0D-0DFD-472F-BDA0-3B58D38FF6D5}.Release|x64.ActiveCfg = Release|x64
		{0CC42B0D-0DFD-472F-BDA0-3B58D38FF6D5}.Release|x64.Build.0 = Release|x64
		{0CC42B0D-0DFD-472F-BDA0-3B58D38FF6D5}.Release|x86.ActiveCfg = Release|Win32
		{0CC42B0D-0DFD-472F-BDA0-3B58D38FF6D5}.Release|x86.Build.0 = Release|Win32
		{2EE4AD69-7DF0-4DE8-8487-35998A4FBFDA}.Debug|x64.ActiveCfg = Debug|x64
		{2EE4AD69-7DF0-4DE8-8487-35998A4FBFDA}.Debug|x64.Build.0 = Debug|x64
		{2EE4AD69-7DF0-4DE8-8487-35998A4FBFDA}.Debug|x86.ActiveCfg = Debug|Win32
		{2EE4AD69-7DF0-4DE8-8487-35998A4FBFDA}.Debug|x86.Build.0 = Debug|Win32
		{2EE4AD69-7DF0-4DE8-8487-35998A4FBFDA}.Release|x64.ActiveCfg = Release|x64
		{2EE4AD69-7DF0-4DE8-8487-35998A4FBFDA}.Release|x64.Build.0 = Release|x64
		{2EE4AD69-7DF0-4DE8-8487-35998A4FBFDA}.Release|x86.ActiveCfg = Release|Win32
		{2EE4AD69-7DF0-4DE8-8487-35998A4FBFDA}.Release|x86.Build.0 = Release|Win32
		{B86D5CA7-EB1C-40B2-998F-268D52B21241}.Debug|x64.ActiveCfg = Debug|x64
		{B86D5CA7-EB1C-40B2-998F-268D52B21241}.Debug|x64.Build.0 = Debug|x64
		{B86D5CA7-EB1C-40B2-998F-268D52B21241}.Debug|x86.ActiveCfg = Debug|Win32
		{B86D5CA7-EB1C-40B2-998F-268D52B21241}.Debug|x86.Build.0 = Debug|Win32
		{B86D5CA7-EB1C-40B2-998F-268D52B21241}.Release|x64.ActiveCfg = Release|x64
		{B86D5CA7-EB1C-40B2-998F-268D52B21241}.Release|x64.Build.0 = Release|x64
		{B86D5CA7-EB1C-40B2-998F-268D52B21241}.Release|x86.ActiveCfg = Release|Win32
		{B86D5CA7-EB1C-40B2-998F-268D52B21241}.Release|x86.Build.0 = Release|Win32
		{0A4FD75C-45D9-4776-8D75-A8E8B2445215}.Debug|x64.ActiveCfg = Debug|x64
		{0A4FD75C-45D9-4776-8D75-A8E8B2445215}.Debug|x64.Build.0 = Debug|x64
		{0A4FD75C-45D9-4776-8D75-A8E8B2445215}.Debug|x86.ActiveCfg = Debug|Win32
		{0A4FD75C-45D9-4776-8D75-A8E8B2445215}.Debug|x86.Build.0 = Debug|Win32
		{0A4FD75C-45D9-4776-8D75-A8E8B2445215}.Release|x64.ActiveCfg = Release|x64
		{0A4FD75C-45D9-4776-8D75-A8E8B2445215}.Release|x64.Build.0 = Release|x64
		{0A4FD75C-45D9-4776-8D75-A8E8B2445215}.Release|x86.ActiveCfg = Release|Win32
		{0A4FD75C-45D9-4776-8D75-A8E8B2445215}.Release|x86.Build.0 = Release|Win32
		{49D7F92B-0335-4045-AD60-1131BCA83146}.Debug|x64.ActiveCfg = Debug|x64
		{49D7F92B-0335-4045-AD60-1131BCA83146}.Debug|x64.Build.0 = Debug|x64
		{49D7F92B-0335-4045-AD60-1131BCA83146}.Debug|x86.ActiveCfg = Debug|Win32
		{49D7F92B-0335-4045-AD60-1131BCA83146}.Debug|x86.Build.0 = Debug|Win32
		{49D7F92B-0335-4045-AD60-1131BCA83146}.Release|x64.ActiveCfg = Release|x64
		{49D7F92B-0335-4045-AD60-1131BCA83146}.Release|x64.Build.0 = Release|x64
		{49D7F92B-0335-4045-AD60-1131BCA83146}.Release|x86.ActiveCfg = Release|Win32
		{49D7F92B-0335-4045-AD60-1131BCA83146}.Release|x86.Build.0 = Release|Win32
		{BD6A248E-3EFE-40C6-BED0-5EC13A42859C}.Debug|x64.ActiveCfg = Debug|x64
		{BD6A248E-3EFE-40C6-BED0-5EC13A42859C}.Debug|x64.Build.0 = Debug|x64
		{BD6A248E-3EFE-40C6-BED0-5EC13A42859C}.Debug|x86.ActiveCfg = Debug|Win32
		{BD6A248E-3EFE-40C6-BED0-5EC13A42859C}.Debug|x86.Build.0 = Debug|Win32
		{BD6A248E-3EFE-40C6-BED0-5EC13A42859C}.Release|x64.ActiveCfg = Release|x64
		{BD6A248E-3EFE-40C6-BED0-5EC13A42859C}.Release|x64.Build.0 = Release|x64
		{BD6A248E-3EFE-40C6-BED0-5EC13A42859C}.Release|x86.ActiveCfg = Release|Win32
		{BD6A248E-3EFE-40C6-BED0-5EC13A42859C}.Release|x86.Build.0 = Release|Win32
		{EDF15A85-7FE8-4FE8-A62A-C5E0424F9291}.Debug|x64.ActiveCfg = Debug|x64
		{EDF15A85-7FE8-4FE8-A62A-C5E0424F9291}.Debug|x64.Build.0 = Debug|x64
		{EDF15A85-7FE8-4FE8-A62A-C5E0424F9291}.Debug|x86.ActiveCfg = Debug|Win32
		{EDF15A85-7FE8-4FE8-A62A-C5E0424F9291}.Debug|x86.Build.0 = Debug|Win32
		{EDF15A85-7FE8-4FE8-A62A-C5E0424F9291}.Release|x64.ActiveCfg = Release|x64
		{EDF15A85-7FE8-4FE8-A62A-C5E0424F9291}.Release|x64.Build.0 = Release|x64
		{EDF15A85-7FE8-4FE8-A62A-C5E0424F9291}.Release|x86.ActiveCfg = Release|Win32
		{EDF15A85-7FE8-4FE8-A62A-C5E0424F9291}.Release|x86.Build.0 = Release|Win32
		{D83A61FE-3A9A-4B6F-A036-306B91A7EC3A}.Debug|x64.ActiveCfg = Debug|x64
		{D83A61FE-3A9A-4B6F-A036-306B91A7EC3A}.Debug|x64.Build.0 = Debug|x64
		{D83A61FE-3A9A-4B6F-A036-306B91A7EC3A}.Debug|x86.ActiveCfg = Debug|Win32
		{D83A61FE-3A9A-4B6F-A036-306B91A7EC3A}.Debug|x86.Build.0 = Debug|Win32
		{D83A61FE-3A9A-4B6F-A036-306B91A7EC3A}.Release|x64.ActiveCfg = Release|x64
		{D83A61FE-3A9A-4B6F-A036-306B91A7EC3A}.Release|x64.Build.0 = Release|x64
		{D83A61FE-3A9A-4B6F-A036-306B91A7EC3A}.Release|x86.ActiveCfg = Release|Win32
		{D83A61FE-3A9A-4B6F-A036-306B91A7EC3A}.Release|x86.Build.0 = Release|Win32
		{61AAC2A4-D1C2-43AF-B0E9-F37F1D4FEA31}.Debug|x64.ActiveCfg = Debug|x64
		{61AAC2A4-D1C2-43AF-B0E9-F37F1D4FEA31}.Debug|x64.Build.0 = Debug|x64
		{61AAC2A4-D1C2-43AF-B0E9-F37F1D4FEA31}.Debug|x86.ActiveCfg = Debug|Win32
		{61AAC2A4-D1C2-43AF-B0E9-F37F1D4FEA31}.Debug|x86.Build.0 = Debug|Win32
		{61AAC2A4-D1C2-43AF-B0E9-F37F1D4FEA31}.Release|x64.ActiveCfg = Release|x64
		{61AAC2A4-D1C2-43AF-B0E9-F37F1D4FEA31}.Release|x64.Build.0 = Release|x64
		{61AAC2A4-D1C2-43AF-B0E9-F37F1D4FEA31}.Release|x86.ActiveCfg = Release|Win32
		{61AAC2A4-D1C2-43AF-B0E9-F37F1D4FEA31}.Release|x86.Build.0 = Release|Win32
		{69FCA839-BF78-4DE4-8C03-C7137AD5813B}.Debug|x64.ActiveCfg = Debug|x64
		{69FCA839-BF78-4DE4-8C03-C7137AD5813B}.Debug|x64.Build.0 = Debug|x64
		{69FCA839-BF78-4DE4-8C03-C7137AD5813B}.Debug|x86.ActiveCfg = Debug|Win32
		{69FCA839-BF78-4DE4-8C03-C7137AD5813B}.Debug|x86.Build.0 = Debug|Win32
		{69FCA839-BF78-4DE4-8C03-C7137AD5813B}.Release|x64.ActiveCfg = Release|x64
		{69FCA839-BF78-4DE4-8C03-C7137AD5813B}.Release|x64.Build.0 = Release|x64
		{69FCA839-BF78-4DE4-8C03-C7137AD5813B}.Release|x86.ActiveCfg = Release|Win32
		{69FCA839-BF78-4DE4-8C03-C7137AD5813B}.Release|x86.Build.0 = Release|Win32
	EndGlobalSection
	GlobalSection(SolutionProperties) = preSolution
		HideSolutionNode = FALSE
	EndGlobalSection
	GlobalSection(ExtensibilityGlobals) = postSolution
		SolutionGuid = {54842229-9721-4AE4-933D-9C164B6561BE}
	EndGlobalSection
EndGlobal
